
Microsoft Visual Studio Solution File, Format Version 12.00
# Visual Studio Version 16
VisualStudioVersion = 16.0.29403.142
MinimumVisualStudioVersion = 10.0.40219.1
Project("{FAE04EC0-301F-11D3-BF4B-00C04F79EFBC}") = "Subrip", "Subrip\Subrip.csproj", "{DC5E2CB1-7B7C-490B-8584-A4B284B27A92}"
EndProject
Project("{FAE04EC0-301F-11D3-BF4B-00C04F79EFBC}") = "SubripServices", "Services\SubripServices.csproj", "{5CB1E0B4-A87C-42DC-80E6-5C49BF507FA9}"
EndProject
Project("{FAE04EC0-301F-11D3-BF4B-00C04F79EFBC}") = "SubripDomain", "Domain\SubripDomain.csproj", "{905F1B45-C07D-4317-97F4-3D3AB9033342}"
EndProject
Project("{FAE04EC0-301F-11D3-BF4B-00C04F79EFBC}") = "HSKDomainServices", "..\HSK-5.0\DomainServices\HSKDomainServices.csproj", "{EC92C5B8-3691-455A-A4B8-B46670AB0260}"
EndProject
Project("{FAE04EC0-301F-11D3-BF4B-00C04F79EFBC}") = "HSKDomain", "..\HSK-5.0\Domain\HSKDomain.csproj", "{F863C3C1-F759-44ED-8776-9D380DCFF4CF}"
EndProject
Project("{F2A71F9B-5D33-465A-A702-920D77279786}") = "MachineLearningRecogzi", "..\Recogzi\RecogZi\Recogzi\MachineLearningRecogzi\MachineLearningRecogzi.fsproj", "{3026BC9E-A6AD-424E-84A1-BC1B588EDB0D}"
EndProject
Project("{FAE04EC0-301F-11D3-BF4B-00C04F79EFBC}") = "Recog", "..\Recogzi\RecogZi\Recogzi\Recog\Recog.csproj", "{E7603081-1718-401A-8196-6538BB5D66AE}"
EndProject
Project("{FAE04EC0-301F-11D3-BF4B-00C04F79EFBC}") = "ReferenceIndexCreator", "ReferenceIndexCreator\ReferenceIndexCreator.csproj", "{87626B59-1AE2-4288-B746-45AAE9D5F509}"
EndProject
Global
	GlobalSection(SolutionConfigurationPlatforms) = preSolution
		Debug|Any CPU = Debug|Any CPU
		Release|Any CPU = Release|Any CPU
	EndGlobalSection
	GlobalSection(ProjectConfigurationPlatforms) = postSolution
		{DC5E2CB1-7B7C-490B-8584-A4B284B27A92}.Debug|Any CPU.ActiveCfg = Debug|Any CPU
		{DC5E2CB1-7B7C-490B-8584-A4B284B27A92}.Debug|Any CPU.Build.0 = Debug|Any CPU
		{DC5E2CB1-7B7C-490B-8584-A4B284B27A92}.Release|Any CPU.ActiveCfg = Release|Any CPU
		{DC5E2CB1-7B7C-490B-8584-A4B284B27A92}.Release|Any CPU.Build.0 = Release|Any CPU
		{5CB1E0B4-A87C-42DC-80E6-5C49BF507FA9}.Debug|Any CPU.ActiveCfg = Debug|Any CPU
		{5CB1E0B4-A87C-42DC-80E6-5C49BF507FA9}.Debug|Any CPU.Build.0 = Debug|Any CPU
		{5CB1E0B4-A87C-42DC-80E6-5C49BF507FA9}.Release|Any CPU.ActiveCfg = Release|Any CPU
		{5CB1E0B4-A87C-42DC-80E6-5C49BF507FA9}.Release|Any CPU.Build.0 = Release|Any CPU
		{905F1B45-C07D-4317-97F4-3D3AB9033342}.Debug|Any CPU.ActiveCfg = Debug|Any CPU
		{905F1B45-C07D-4317-97F4-3D3AB9033342}.Debug|Any CPU.Build.0 = Debug|Any CPU
		{905F1B45-C07D-4317-97F4-3D3AB9033342}.Release|Any CPU.ActiveCfg = Release|Any CPU
		{905F1B45-C07D-4317-97F4-3D3AB9033342}.Release|Any CPU.Build.0 = Release|Any CPU
		{EC92C5B8-3691-455A-A4B8-B46670AB0260}.Debug|Any CPU.ActiveCfg = Debug|Any CPU
		{EC92C5B8-3691-455A-A4B8-B46670AB0260}.Debug|Any CPU.Build.0 = Debug|Any CPU
		{EC92C5B8-3691-455A-A4B8-B46670AB0260}.Release|Any CPU.ActiveCfg = Release|Any CPU
		{EC92C5B8-3691-455A-A4B8-B46670AB0260}.Release|Any CPU.Build.0 = Release|Any CPU
		{F863C3C1-F759-44ED-8776-9D380DCFF4CF}.Debug|Any CPU.ActiveCfg = Debug|Any CPU
		{F863C3C1-F759-44ED-8776-9D380DCFF4CF}.Debug|Any CPU.Build.0 = Debug|Any CPU
		{F863C3C1-F759-44ED-8776-9D380DCFF4CF}.Release|Any CPU.ActiveCfg = Release|Any CPU
		{F863C3C1-F759-44ED-8776-9D380DCFF4CF}.Release|Any CPU.Build.0 = Release|Any CPU
		{3026BC9E-A6AD-424E-84A1-BC1B588EDB0D}.Debug|Any CPU.ActiveCfg = Debug|Any CPU
		{3026BC9E-A6AD-424E-84A1-BC1B588EDB0D}.Debug|Any CPU.Build.0 = Debug|Any CPU
		{3026BC9E-A6AD-424E-84A1-BC1B588EDB0D}.Release|Any CPU.ActiveCfg = Release|Any CPU
		{3026BC9E-A6AD-424E-84A1-BC1B588EDB0D}.Release|Any CPU.Build.0 = Release|Any CPU
		{E7603081-1718-401A-8196-6538BB5D66AE}.Debug|Any CPU.ActiveCfg = Debug|Any CPU
		{E7603081-1718-401A-8196-6538BB5D66AE}.Debug|Any CPU.Build.0 = Debug|Any CPU
		{E7603081-1718-401A-8196-6538BB5D66AE}.Release|Any CPU.ActiveCfg = Release|Any CPU
		{E7603081-1718-401A-8196-6538BB5D66AE}.Release|Any CPU.Build.0 = Release|Any CPU
		{87626B59-1AE2-4288-B746-45AAE9D5F509}.Debug|Any CPU.ActiveCfg = Debug|Any CPU
		{87626B59-1AE2-4288-B746-45AAE9D5F509}.Debug|Any CPU.Build.0 = Debug|Any CPU
		{87626B59-1AE2-4288-B746-45AAE9D5F509}.Release|Any CPU.ActiveCfg = Release|Any CPU
		{87626B59-1AE2-4288-B746-45AAE9D5F509}.Release|Any CPU.Build.0 = Release|Any CPU
	EndGlobalSection
	GlobalSection(SolutionProperties) = preSolution
		HideSolutionNode = FALSE
	EndGlobalSection
	GlobalSection(ExtensibilityGlobals) = postSolution
		SolutionGuid = {846067F6-3E70-4C5A-8C7E-05D23014B2BF}
	EndGlobalSection
EndGlobal
